
Microsoft Visual Studio Solution File, Format Version 12.00
# Visual Studio Version 17
VisualStudioVersion = 17.13.35919.96 d17.13
MinimumVisualStudioVersion = 10.0.40219.1
Project("{FAE04EC0-301F-11D3-BF4B-00C04F79EFBC}") = "Day4_Activity1_Console.", "..\Day4_Activity1_Console\Day4_Activity1_Console\Day4_Activity1_Console..csproj", "{110E05DF-F29A-48B5-BE5B-5B8EBDEAE307}"
EndProject
Project("{FAE04EC0-301F-11D3-BF4B-00C04F79EFBC}") = "Day4_Activity2_Console,", "..\Day4_Activity1_Console\Day4_Activity2_Console,\Day4_Activity2_Console,.csproj", "{B50A7EA7-2C8A-4C82-9AF8-FFE52EE96BA8}"
EndProject
Project("{FAE04EC0-301F-11D3-BF4B-00C04F79EFBC}") = "Day4_Activity3_Console.", "..\Day4_Activity1_Console\Day4_Activity3_Console\Day4_Activity3_Console..csproj", "{A8727E5B-3D60-4943-9ACB-5C9EB1CF42ED}"
EndProject
Project("{FAE04EC0-301F-11D3-BF4B-00C04F79EFBC}") = "Day4_Activity4_Console.", "..\Day4_Activity1_Console\Day4_Activity4_Console\Day4_Activity4_Console..csproj", "{87F21188-C232-473F-8BE6-C86B21930FFA}"
EndProject
Project("{FAE04EC0-301F-11D3-BF4B-00C04F79EFBC}") = "Day3_Activity5_Console", "..\Day4_Activity1_Console\Day3_Activity5_Console\Day3_Activity5_Console.csproj", "{F8FDDA80-BEA2-4B0C-99E5-20A2DCDC17A6}"
EndProject
Project("{FAE04EC0-301F-11D3-BF4B-00C04F79EFBC}") = "Day4_Activity6_Console.", "..\Day4_Activity1_Console\Day4_Activity6_Console\Day4_Activity6_Console..csproj", "{0405E057-BA8E-468F-A0C1-8484E9D83B3C}"
EndProject
Project("{FAE04EC0-301F-11D3-BF4B-00C04F79EFBC}") = "Day4_Activity8_Console.", "..\Day4_Activity1_Console\Day4_Activity8_Console\Day4_Activity8_Console..csproj", "{A96D1AFB-380B-4630-809D-8109393DCC63}"
EndProject
Project("{FAE04EC0-301F-11D3-BF4B-00C04F79EFBC}") = "Day4_Activity9_Console.", "..\Day4_Activity1_Console\Day4_Activity9_Console\Day4_Activity9_Console..csproj", "{8384DCE0-830E-4F62-A7AD-D90BA9B6B084}"
EndProject
Global
	GlobalSection(SolutionConfigurationPlatforms) = preSolution
		Debug|Any CPU = Debug|Any CPU
		Release|Any CPU = Release|Any CPU
	EndGlobalSection
	GlobalSection(ProjectConfigurationPlatforms) = postSolution
		{110E05DF-F29A-48B5-BE5B-5B8EBDEAE307}.Debug|Any CPU.ActiveCfg = Debug|Any CPU
		{110E05DF-F29A-48B5-BE5B-5B8EBDEAE307}.Debug|Any CPU.Build.0 = Debug|Any CPU
		{110E05DF-F29A-48B5-BE5B-5B8EBDEAE307}.Release|Any CPU.ActiveCfg = Release|Any CPU
		{110E05DF-F29A-48B5-BE5B-5B8EBDEAE307}.Release|Any CPU.Build.0 = Release|Any CPU
		{B50A7EA7-2C8A-4C82-9AF8-FFE52EE96BA8}.Debug|Any CPU.ActiveCfg = Debug|Any CPU
		{B50A7EA7-2C8A-4C82-9AF8-FFE52EE96BA8}.Debug|Any CPU.Build.0 = Debug|Any CPU
		{B50A7EA7-2C8A-4C82-9AF8-FFE52EE96BA8}.Release|Any CPU.ActiveCfg = Release|Any CPU
		{B50A7EA7-2C8A-4C82-9AF8-FFE52EE96BA8}.Release|Any CPU.Build.0 = Release|Any CPU
		{A8727E5B-3D60-4943-9ACB-5C9EB1CF42ED}.Debug|Any CPU.ActiveCfg = Debug|Any CPU
		{A8727E5B-3D60-4943-9ACB-5C9EB1CF42ED}.Debug|Any CPU.Build.0 = Debug|Any CPU
		{A8727E5B-3D60-4943-9ACB-5C9EB1CF42ED}.Release|Any CPU.ActiveCfg = Release|Any CPU
		{A8727E5B-3D60-4943-9ACB-5C9EB1CF42ED}.Release|Any CPU.Build.0 = Release|Any CPU
		{87F21188-C232-473F-8BE6-C86B21930FFA}.Debug|Any CPU.ActiveCfg = Debug|Any CPU
		{87F21188-C232-473F-8BE6-C86B21930FFA}.Debug|Any CPU.Build.0 = Debug|Any CPU
		{87F21188-C232-473F-8BE6-C86B21930FFA}.Release|Any CPU.ActiveCfg = Release|Any CPU
		{87F21188-C232-473F-8BE6-C86B21930FFA}.Release|Any CPU.Build.0 = Release|Any CPU
		{F8FDDA80-BEA2-4B0C-99E5-20A2DCDC17A6}.Debug|Any CPU.ActiveCfg = Debug|Any CPU
		{F8FDDA80-BEA2-4B0C-99E5-20A2DCDC17A6}.Debug|Any CPU.Build.0 = Debug|Any CPU
		{F8FDDA80-BEA2-4B0C-99E5-20A2DCDC17A6}.Release|Any CPU.ActiveCfg = Release|Any CPU
		{F8FDDA80-BEA2-4B0C-99E5-20A2DCDC17A6}.Release|Any CPU.Build.0 = Release|Any CPU
		{0405E057-BA8E-468F-A0C1-8484E9D83B3C}.Debug|Any CPU.ActiveCfg = Debug|Any CPU
		{0405E057-BA8E-468F-A0C1-8484E9D83B3C}.Debug|Any CPU.Build.0 = Debug|Any CPU
		{0405E057-BA8E-468F-A0C1-8484E9D83B3C}.Release|Any CPU.ActiveCfg = Release|Any CPU
		{0405E057-BA8E-468F-A0C1-8484E9D83B3C}.Release|Any CPU.Build.0 = Release|Any CPU
		{A96D1AFB-380B-4630-809D-8109393DCC63}.Debug|Any CPU.ActiveCfg = Debug|Any CPU
		{A96D1AFB-380B-4630-809D-8109393DCC63}.Debug|Any CPU.Build.0 = Debug|Any CPU
		{A96D1AFB-380B-4630-809D-8109393DCC63}.Release|Any CPU.ActiveCfg = Release|Any CPU
		{A96D1AFB-380B-4630-809D-8109393DCC63}.Release|Any CPU.Build.0 = Release|Any CPU
		{8384DCE0-830E-4F62-A7AD-D90BA9B6B084}.Debug|Any CPU.ActiveCfg = Debug|Any CPU
		{8384DCE0-830E-4F62-A7AD-D90BA9B6B084}.Debug|Any CPU.Build.0 = Debug|Any CPU
		{8384DCE0-830E-4F62-A7AD-D90BA9B6B084}.Release|Any CPU.ActiveCfg = Release|Any CPU
		{8384DCE0-830E-4F62-A7AD-D90BA9B6B084}.Release|Any CPU.Build.0 = Release|Any CPU
	EndGlobalSection
	GlobalSection(SolutionProperties) = preSolution
		HideSolutionNode = FALSE
	EndGlobalSection
	GlobalSection(ExtensibilityGlobals) = postSolution
		SolutionGuid = {834CE063-EFA8-43F2-ACF9-D62237B6E4A3}
	EndGlobalSection
EndGlobal
