
Microsoft Visual Studio Solution File, Format Version 12.00
# Visual Studio Version 17
VisualStudioVersion = 17.14.36603.0 d17.14
MinimumVisualStudioVersion = 10.0.40219.1
Project("{FAE04EC0-301F-11D3-BF4B-00C04F79EFBC}") = "Day1_Activity1_Console", "Day1_Activity1_Console.csproj", "{BA82E3A2-8DE4-4C84-A313-018D18E5E229}"
EndProject
Global
	GlobalSection(SolutionConfigurationPlatforms) = preSolution
		Debug|Any CPU = Debug|Any CPU
		Release|Any CPU = Release|Any CPU
	EndGlobalSection
	GlobalSection(ProjectConfigurationPlatforms) = postSolution
		{BA82E3A2-8DE4-4C84-A313-018D18E5E229}.Debug|Any CPU.ActiveCfg = Debug|Any CPU
		{BA82E3A2-8DE4-4C84-A313-018D18E5E229}.Debug|Any CPU.Build.0 = Debug|Any CPU
		{BA82E3A2-8DE4-4C84-A313-018D18E5E229}.Release|Any CPU.ActiveCfg = Release|Any CPU
		{BA82E3A2-8DE4-4C84-A313-018D18E5E229}.Release|Any CPU.Build.0 = Release|Any CPU
	EndGlobalSection
	GlobalSection(SolutionProperties) = preSolution
		HideSolutionNode = FALSE
	EndGlobalSection
	GlobalSection(ExtensibilityGlobals) = postSolution
		SolutionGuid = {02767DEE-87BE-419F-9494-5707AB561CF7}
	EndGlobalSection
EndGlobal
