
Microsoft Visual Studio Solution File, Format Version 12.00
# Visual Studio Version 17
VisualStudioVersion = 17.14.36603.0 d17.14
MinimumVisualStudioVersion = 10.0.40219.1
Project("{FAE04EC0-301F-11D3-BF4B-00C04F79EFBC}") = "Day1_Activity3_Console", "Day1_Activity3_Console.csproj", "{B359872F-1C70-4CDD-8889-88B6BA0B469A}"
EndProject
Global
	GlobalSection(SolutionConfigurationPlatforms) = preSolution
		Debug|Any CPU = Debug|Any CPU
		Release|Any CPU = Release|Any CPU
	EndGlobalSection
	GlobalSection(ProjectConfigurationPlatforms) = postSolution
		{B359872F-1C70-4CDD-8889-88B6BA0B469A}.Debug|Any CPU.ActiveCfg = Debug|Any CPU
		{B359872F-1C70-4CDD-8889-88B6BA0B469A}.Debug|Any CPU.Build.0 = Debug|Any CPU
		{B359872F-1C70-4CDD-8889-88B6BA0B469A}.Release|Any CPU.ActiveCfg = Release|Any CPU
		{B359872F-1C70-4CDD-8889-88B6BA0B469A}.Release|Any CPU.Build.0 = Release|Any CPU
	EndGlobalSection
	GlobalSection(SolutionProperties) = preSolution
		HideSolutionNode = FALSE
	EndGlobalSection
	GlobalSection(ExtensibilityGlobals) = postSolution
		SolutionGuid = {6DA83FFB-5B2B-47A9-865C-A953414E4814}
	EndGlobalSection
EndGlobal
